
Microsoft Visual Studio Solution File, Format Version 12.00
# Visual Studio Version 16
VisualStudioVersion = 16.0.31019.35
MinimumVisualStudioVersion = 10.0.40219.1
Project("{FAE04EC0-301F-11D3-BF4B-00C04F79EFBC}") = "RazorPagesLab", "RazorPagesLab\RazorPagesLab.csproj", "{1E1CCA42-C04E-4C90-B276-1622389A6893}"
EndProject
Global
	GlobalSection(SolutionConfigurationPlatforms) = preSolution
		Debug|Any CPU = Debug|Any CPU
		Release|Any CPU = Release|Any CPU
	EndGlobalSection
	GlobalSection(ProjectConfigurationPlatforms) = postSolution
		{1E1CCA42-C04E-4C90-B276-1622389A6893}.Debug|Any CPU.ActiveCfg = Debug|Any CPU
		{1E1CCA42-C04E-4C90-B276-1622389A6893}.Debug|Any CPU.Build.0 = Debug|Any CPU
		{1E1CCA42-C04E-4C90-B276-1622389A6893}.Release|Any CPU.ActiveCfg = Release|Any CPU
		{1E1CCA42-C04E-4C90-B276-1622389A6893}.Release|Any CPU.Build.0 = Release|Any CPU
	EndGlobalSection
	GlobalSection(SolutionProperties) = preSolution
		HideSolutionNode = FALSE
	EndGlobalSection
	GlobalSection(ExtensibilityGlobals) = postSolution
		SolutionGuid = {8B7F3853-D6FB-467C-9B91-565A8E17026A}
	EndGlobalSection
EndGlobal
